
Microsoft Visual Studio Solution File, Format Version 12.00
# Visual Studio Version 17
VisualStudioVersion = 17.11.35312.102
MinimumVisualStudioVersion = 10.0.40219.1
Project("{FAE04EC0-301F-11D3-BF4B-00C04F79EFBC}") = "Oculista", "Oculista\Oculista.csproj", "{11E8450F-4C0D-4405-B0BE-7EFEF022CEE0}"
EndProject
Global
	GlobalSection(SolutionConfigurationPlatforms) = preSolution
		Debug|Any CPU = Debug|Any CPU
		Release|Any CPU = Release|Any CPU
	EndGlobalSection
	GlobalSection(ProjectConfigurationPlatforms) = postSolution
		{11E8450F-4C0D-4405-B0BE-7EFEF022CEE0}.Debug|Any CPU.ActiveCfg = Debug|Any CPU
		{11E8450F-4C0D-4405-B0BE-7EFEF022CEE0}.Debug|Any CPU.Build.0 = Debug|Any CPU
		{11E8450F-4C0D-4405-B0BE-7EFEF022CEE0}.Release|Any CPU.ActiveCfg = Release|Any CPU
		{11E8450F-4C0D-4405-B0BE-7EFEF022CEE0}.Release|Any CPU.Build.0 = Release|Any CPU
	EndGlobalSection
	GlobalSection(SolutionProperties) = preSolution
		HideSolutionNode = FALSE
	EndGlobalSection
	GlobalSection(ExtensibilityGlobals) = postSolution
		SolutionGuid = {378A66CD-B42E-4412-AF10-CFBF0A7AE0BF}
	EndGlobalSection
EndGlobal
